{
  "name": "onslip-360-node-demo",
  "version": "1.0.0",
  "lockfileVersion": 3,
  "requires": true,
  "packages": {
    "": {
      "name": "onslip-360-node-demo",
      "version": "1.0.0",
      "license": "Apache-2.0",
      "dependencies": {
        "@divine/sysconsole": "^2.1.1",
        "@onslip/onslip-360-node-api": "~1.35.6"
      },
      "devDependencies": {
        "@types/node": "^12",
        "@types/request": "^2.48.12",
        "typescript": "~5.4.5"
      }
    },
    "node_modules/@divine/headers": {
      "version": "2.0.4",
      "resolved": "https://registry.npmjs.org/@divine/headers/-/headers-2.0.4.tgz",
      "integrity": "sha512-PsiLjw6QYbiPOdD3TOMimOyrUWfhw0adNxaqTw21HmZKOCrvTBlEPg2+K35j6WysFZMuKDQQNX07gU+evEW83A==",
      "dependencies": {
        "tslib": "^2.5.0"
      }
    },
    "node_modules/@divine/sysconsole": {
      "version": "2.1.1",
      "resolved": "https://registry.npmjs.org/@divine/sysconsole/-/sysconsole-2.1.1.tgz",
      "integrity": "sha512-jQWDmYXVs1zPZ0IoZ/qDtFpbkj4hn4UApfq+mM/3BwQZUH3rJhdkMguQ6254+uINNNOcJqRmqP/uRfDPoyd2jg==",
      "dependencies": {
        "stack-trace": "^0.0.10",
        "syslog-client": "1.1.1",
        "tslib": "^2.6.2"
      },
      "engines": {
        "node": ">=10"
      }
    },
    "node_modules/@onslip/hawk": {
      "version": "9.0.2-onslip.3",
      "resolved": "https://registry.npmjs.org/@onslip/hawk/-/hawk-9.0.2-onslip.3.tgz",
      "integrity": "sha512-VCjCl3miPGprl7/IsHfYI5FBNVHGRT81vnSRo/pfCprNHdTQh0ffWg1f2Ps1kZgBKzRkiDZMGlnERBDHg2wUuQ==",
      "license": "BSD-3-Clause"
    },
    "node_modules/@onslip/onslip-360-api": {
      "version": "1.35.6",
      "resolved": "https://registry.npmjs.org/@onslip/onslip-360-api/-/onslip-360-api-1.35.6.tgz",
      "integrity": "sha512-Erk0d/eTshwcPABMP8u+EYqaL8ntr/D+u0k3IpzOCA8CyfmV9QESOdwfqAxg3VRRSp6ZguAzQaTKTyIPlvSaKg==",
      "license": "Apache-2.0"
    },
    "node_modules/@onslip/onslip-360-node-api": {
      "version": "1.35.6",
      "resolved": "https://registry.npmjs.org/@onslip/onslip-360-node-api/-/onslip-360-node-api-1.35.6.tgz",
      "integrity": "sha512-7W1msu2jS+kqEoQYYwYLD5OBSPir3CNpy7jxA+MswjnSa9J+8b6umuVk1l5Ykwe4MrxF6zTv6VLkRz+Otq6f7A==",
      "license": "Apache-2.0",
      "dependencies": {
        "@divine/headers": "^2.0.0",
        "@onslip/hawk": "9.0.2-onslip.3",
        "@onslip/onslip-360-api": "~1.35.6",
        "mime": "^3.0.0"
      }
    },
    "node_modules/@types/caseless": {
      "version": "0.12.5",
      "resolved": "https://registry.npmjs.org/@types/caseless/-/caseless-0.12.5.tgz",
      "integrity": "sha512-hWtVTC2q7hc7xZ/RLbxapMvDMgUnDvKvMOpKal4DrMyfGBUfB1oKaZlIRr6mJL+If3bAP6sV/QneGzF6tJjZDg==",
      "dev": true
    },
    "node_modules/@types/node": {
      "version": "12.20.55",
      "resolved": "https://registry.npmjs.org/@types/node/-/node-12.20.55.tgz",
      "integrity": "sha512-J8xLz7q2OFulZ2cyGTLE1TbbZcjpno7FaN6zdJNrgAdrJ+DZzh/uFR6YrTb4C+nXakvud8Q4+rbhoIWlYQbUFQ==",
      "dev": true
    },
    "node_modules/@types/request": {
      "version": "2.48.12",
      "resolved": "https://registry.npmjs.org/@types/request/-/request-2.48.12.tgz",
      "integrity": "sha512-G3sY+NpsA9jnwm0ixhAFQSJ3Q9JkpLZpJbI3GMv0mIAT0y3mRabYeINzal5WOChIiaTEGQYlHOKgkaM9EisWHw==",
      "dev": true,
      "dependencies": {
        "@types/caseless": "*",
        "@types/node": "*",
        "@types/tough-cookie": "*",
        "form-data": "^2.5.0"
      }
    },
    "node_modules/@types/tough-cookie": {
      "version": "4.0.5",
      "resolved": "https://registry.npmjs.org/@types/tough-cookie/-/tough-cookie-4.0.5.tgz",
      "integrity": "sha512-/Ad8+nIOV7Rl++6f1BdKxFSMgmoqEoYbHRpPcx3JEfv8VRsQe9Z4mCXeJBzxs7mbHY/XOZZuXlRNfhpVPbs6ZA==",
      "dev": true
    },
    "node_modules/asynckit": {
      "version": "0.4.0",
      "resolved": "https://registry.npmjs.org/asynckit/-/asynckit-0.4.0.tgz",
      "integrity": "sha512-Oei9OH4tRh0YqU3GxhX79dM/mwVgvbZJaSNaRk+bshkj0S5cfHcgYakreBjrHwatXKbz+IoIdYLxrKim2MjW0Q==",
      "dev": true
    },
    "node_modules/combined-stream": {
      "version": "1.0.8",
      "resolved": "https://registry.npmjs.org/combined-stream/-/combined-stream-1.0.8.tgz",
      "integrity": "sha512-FQN4MRfuJeHf7cBbBMJFXhKSDq+2kAArBlmRBvcvFE5BB1HZKXtSFASDhdlz9zOYwxh8lDdnvmMOe/+5cdoEdg==",
      "dev": true,
      "dependencies": {
        "delayed-stream": "~1.0.0"
      },
      "engines": {
        "node": ">= 0.8"
      }
    },
    "node_modules/delayed-stream": {
      "version": "1.0.0",
      "resolved": "https://registry.npmjs.org/delayed-stream/-/delayed-stream-1.0.0.tgz",
      "integrity": "sha512-ZySD7Nf91aLB0RxL4KGrKHBXl7Eds1DAmEdcoVawXnLD7SDhpNgtuII2aAkg7a7QS41jxPSZ17p4VdGnMHk3MQ==",
      "dev": true,
      "engines": {
        "node": ">=0.4.0"
      }
    },
    "node_modules/form-data": {
      "version": "2.5.1",
      "resolved": "https://registry.npmjs.org/form-data/-/form-data-2.5.1.tgz",
      "integrity": "sha512-m21N3WOmEEURgk6B9GLOE4RuWOFf28Lhh9qGYeNlGq4VDXUlJy2th2slBNU8Gp8EzloYZOibZJ7t5ecIrFSjVA==",
      "dev": true,
      "dependencies": {
        "asynckit": "^0.4.0",
        "combined-stream": "^1.0.6",
        "mime-types": "^2.1.12"
      },
      "engines": {
        "node": ">= 0.12"
      }
    },
    "node_modules/mime": {
      "version": "3.0.0",
      "resolved": "https://registry.npmjs.org/mime/-/mime-3.0.0.tgz",
      "integrity": "sha512-jSCU7/VB1loIWBZe14aEYHU/+1UMEHoaO7qxCOVJOw9GgH72VAWppxNcjU+x9a2k3GSIBXNKxXQFqRvvZ7vr3A==",
      "bin": {
        "mime": "cli.js"
      },
      "engines": {
        "node": ">=10.0.0"
      }
    },
    "node_modules/mime-db": {
      "version": "1.52.0",
      "resolved": "https://registry.npmjs.org/mime-db/-/mime-db-1.52.0.tgz",
      "integrity": "sha512-sPU4uV7dYlvtWJxwwxHD0PuihVNiE7TyAbQ5SWxDCB9mUYvOgroQOwYQQOKPJ8CIbE+1ETVlOoK1UC2nU3gYvg==",
      "dev": true,
      "engines": {
        "node": ">= 0.6"
      }
    },
    "node_modules/mime-types": {
      "version": "2.1.35",
      "resolved": "https://registry.npmjs.org/mime-types/-/mime-types-2.1.35.tgz",
      "integrity": "sha512-ZDY+bPm5zTTF+YpCrAU9nK0UgICYPT0QtT1NZWFv4s++TNkcgVaT0g6+4R2uI4MjQjzysHB1zxuWL50hzaeXiw==",
      "dev": true,
      "dependencies": {
        "mime-db": "1.52.0"
      },
      "engines": {
        "node": ">= 0.6"
      }
    },
    "node_modules/stack-trace": {
      "version": "0.0.10",
      "resolved": "https://registry.npmjs.org/stack-trace/-/stack-trace-0.0.10.tgz",
      "integrity": "sha512-KGzahc7puUKkzyMt+IqAep+TVNbKP+k2Lmwhub39m1AsTSkaDutx56aDCo+HLDzf/D26BIHTJWNiTG1KAJiQCg==",
      "engines": {
        "node": "*"
      }
    },
    "node_modules/syslog-client": {
      "version": "1.1.1",
      "resolved": "https://registry.npmjs.org/syslog-client/-/syslog-client-1.1.1.tgz",
      "integrity": "sha512-c3qKw8JzCuHt0mwrzKQr8eqOc3RB28HgOpFuwGMO3GLscVpfR+0ECevWLZq/yIJTbx3WTb3QXBFVpTFtKAPDrw=="
    },
    "node_modules/tslib": {
      "version": "2.6.2",
      "resolved": "https://registry.npmjs.org/tslib/-/tslib-2.6.2.tgz",
      "integrity": "sha512-AEYxH93jGFPn/a2iVAwW87VuUIkR1FVUKB77NwMF7nBTDkDrrT/Hpt/IrCJ0QXhW27jTBDcf5ZY7w6RiqTMw2Q=="
    },
    "node_modules/typescript": {
      "version": "5.4.5",
      "resolved": "https://registry.npmjs.org/typescript/-/typescript-5.4.5.tgz",
      "integrity": "sha512-vcI4UpRgg81oIRUFwR0WSIHKt11nJ7SAVlYNIu+QpqeyXP+gpQJy/Z4+F0aGxSE4MqwjyXvW/TzgkLAx2AGHwQ==",
      "dev": true,
      "bin": {
        "tsc": "bin/tsc",
        "tsserver": "bin/tsserver"
      },
      "engines": {
        "node": ">=14.17"
      }
    }
  }
}
